
Microsoft Visual Studio Solution File, Format Version 12.00
# Visual Studio Version 17
VisualStudioVersion = 17.6.33815.320
MinimumVisualStudioVersion = 10.0.40219.1
Project("{FAE04EC0-301F-11D3-BF4B-00C04F79EFBC}") = "IntroductionToDOT_NET", "IntroductionToDOT_NET\IntroductionToDOT_NET.csproj", "{87DA9C11-7C93-4616-9061-04FD945A1B59}"
EndProject
Project("{FAE04EC0-301F-11D3-BF4B-00C04F79EFBC}") = "Factorial", "Factorial\Factorial.csproj", "{AEB1D8B6-3411-489D-8915-1D86BE8D0A67}"
EndProject
Project("{FAE04EC0-301F-11D3-BF4B-00C04F79EFBC}") = "Calc", "Calc\Calc.csproj", "{AB861089-C268-4B7D-A5CB-22FA91140BE7}"
EndProject
Project("{FAE04EC0-301F-11D3-BF4B-00C04F79EFBC}") = "CalcExpression", "CalcExpression\CalcExpression.csproj", "{D759412D-79A4-4E3A-8B4A-29C08A856EA8}"
EndProject
Project("{FAE04EC0-301F-11D3-BF4B-00C04F79EFBC}") = "CalcExpression2", "CalcExpression2\CalcExpression2.csproj", "{F456C494-DE7D-40B1-B717-780A2D6D2701}"
EndProject
Global
	GlobalSection(SolutionConfigurationPlatforms) = preSolution
		Debug|Any CPU = Debug|Any CPU
		Debug|x64 = Debug|x64
		Debug|x86 = Debug|x86
		Release|Any CPU = Release|Any CPU
		Release|x64 = Release|x64
		Release|x86 = Release|x86
	EndGlobalSection
	GlobalSection(ProjectConfigurationPlatforms) = postSolution
		{87DA9C11-7C93-4616-9061-04FD945A1B59}.Debug|Any CPU.ActiveCfg = Debug|Any CPU
		{87DA9C11-7C93-4616-9061-04FD945A1B59}.Debug|Any CPU.Build.0 = Debug|Any CPU
		{87DA9C11-7C93-4616-9061-04FD945A1B59}.Debug|x64.ActiveCfg = Debug|Any CPU
		{87DA9C11-7C93-4616-9061-04FD945A1B59}.Debug|x64.Build.0 = Debug|Any CPU
		{87DA9C11-7C93-4616-9061-04FD945A1B59}.Debug|x86.ActiveCfg = Debug|Any CPU
		{87DA9C11-7C93-4616-9061-04FD945A1B59}.Debug|x86.Build.0 = Debug|Any CPU
		{87DA9C11-7C93-4616-9061-04FD945A1B59}.Release|Any CPU.ActiveCfg = Release|Any CPU
		{87DA9C11-7C93-4616-9061-04FD945A1B59}.Release|Any CPU.Build.0 = Release|Any CPU
		{87DA9C11-7C93-4616-9061-04FD945A1B59}.Release|x64.ActiveCfg = Release|Any CPU
		{87DA9C11-7C93-4616-9061-04FD945A1B59}.Release|x64.Build.0 = Release|Any CPU
		{87DA9C11-7C93-4616-9061-04FD945A1B59}.Release|x86.ActiveCfg = Release|Any CPU
		{87DA9C11-7C93-4616-9061-04FD945A1B59}.Release|x86.Build.0 = Release|Any CPU
		{AEB1D8B6-3411-489D-8915-1D86BE8D0A67}.Debug|Any CPU.ActiveCfg = Debug|Any CPU
		{AEB1D8B6-3411-489D-8915-1D86BE8D0A67}.Debug|Any CPU.Build.0 = Debug|Any CPU
		{AEB1D8B6-3411-489D-8915-1D86BE8D0A67}.Debug|x64.ActiveCfg = Debug|Any CPU
		{AEB1D8B6-3411-489D-8915-1D86BE8D0A67}.Debug|x64.Build.0 = Debug|Any CPU
		{AEB1D8B6-3411-489D-8915-1D86BE8D0A67}.Debug|x86.ActiveCfg = Debug|Any CPU
		{AEB1D8B6-3411-489D-8915-1D86BE8D0A67}.Debug|x86.Build.0 = Debug|Any CPU
		{AEB1D8B6-3411-489D-8915-1D86BE8D0A67}.Release|Any CPU.ActiveCfg = Release|Any CPU
		{AEB1D8B6-3411-489D-8915-1D86BE8D0A67}.Release|Any CPU.Build.0 = Release|Any CPU
		{AEB1D8B6-3411-489D-8915-1D86BE8D0A67}.Release|x64.ActiveCfg = Release|Any CPU
		{AEB1D8B6-3411-489D-8915-1D86BE8D0A67}.Release|x64.Build.0 = Release|Any CPU
		{AEB1D8B6-3411-489D-8915-1D86BE8D0A67}.Release|x86.ActiveCfg = Release|Any CPU
		{AEB1D8B6-3411-489D-8915-1D86BE8D0A67}.Release|x86.Build.0 = Release|Any CPU
		{AB861089-C268-4B7D-A5CB-22FA91140BE7}.Debug|Any CPU.ActiveCfg = Debug|Any CPU
		{AB861089-C268-4B7D-A5CB-22FA91140BE7}.Debug|Any CPU.Build.0 = Debug|Any CPU
		{AB861089-C268-4B7D-A5CB-22FA91140BE7}.Debug|x64.ActiveCfg = Debug|Any CPU
		{AB861089-C268-4B7D-A5CB-22FA91140BE7}.Debug|x64.Build.0 = Debug|Any CPU
		{AB861089-C268-4B7D-A5CB-22FA91140BE7}.Debug|x86.ActiveCfg = Debug|Any CPU
		{AB861089-C268-4B7D-A5CB-22FA91140BE7}.Debug|x86.Build.0 = Debug|Any CPU
		{AB861089-C268-4B7D-A5CB-22FA91140BE7}.Release|Any CPU.ActiveCfg = Release|Any CPU
		{AB861089-C268-4B7D-A5CB-22FA91140BE7}.Release|Any CPU.Build.0 = Release|Any CPU
		{AB861089-C268-4B7D-A5CB-22FA91140BE7}.Release|x64.ActiveCfg = Release|Any CPU
		{AB861089-C268-4B7D-A5CB-22FA91140BE7}.Release|x64.Build.0 = Release|Any CPU
		{AB861089-C268-4B7D-A5CB-22FA91140BE7}.Release|x86.ActiveCfg = Release|Any CPU
		{AB861089-C268-4B7D-A5CB-22FA91140BE7}.Release|x86.Build.0 = Release|Any CPU
		{D759412D-79A4-4E3A-8B4A-29C08A856EA8}.Debug|Any CPU.ActiveCfg = Debug|Any CPU
		{D759412D-79A4-4E3A-8B4A-29C08A856EA8}.Debug|Any CPU.Build.0 = Debug|Any CPU
		{D759412D-79A4-4E3A-8B4A-29C08A856EA8}.Debug|x64.ActiveCfg = Debug|Any CPU
		{D759412D-79A4-4E3A-8B4A-29C08A856EA8}.Debug|x64.Build.0 = Debug|Any CPU
		{D759412D-79A4-4E3A-8B4A-29C08A856EA8}.Debug|x86.ActiveCfg = Debug|Any CPU
		{D759412D-79A4-4E3A-8B4A-29C08A856EA8}.Debug|x86.Build.0 = Debug|Any CPU
		{D759412D-79A4-4E3A-8B4A-29C08A856EA8}.Release|Any CPU.ActiveCfg = Release|Any CPU
		{D759412D-79A4-4E3A-8B4A-29C08A856EA8}.Release|Any CPU.Build.0 = Release|Any CPU
		{D759412D-79A4-4E3A-8B4A-29C08A856EA8}.Release|x64.ActiveCfg = Release|Any CPU
		{D759412D-79A4-4E3A-8B4A-29C08A856EA8}.Release|x64.Build.0 = Release|Any CPU
		{D759412D-79A4-4E3A-8B4A-29C08A856EA8}.Release|x86.ActiveCfg = Release|Any CPU
		{D759412D-79A4-4E3A-8B4A-29C08A856EA8}.Release|x86.Build.0 = Release|Any CPU
		{F456C494-DE7D-40B1-B717-780A2D6D2701}.Debug|Any CPU.ActiveCfg = Debug|Any CPU
		{F456C494-DE7D-40B1-B717-780A2D6D2701}.Debug|Any CPU.Build.0 = Debug|Any CPU
		{F456C494-DE7D-40B1-B717-780A2D6D2701}.Debug|x64.ActiveCfg = Debug|Any CPU
		{F456C494-DE7D-40B1-B717-780A2D6D2701}.Debug|x64.Build.0 = Debug|Any CPU
		{F456C494-DE7D-40B1-B717-780A2D6D2701}.Debug|x86.ActiveCfg = Debug|Any CPU
		{F456C494-DE7D-40B1-B717-780A2D6D2701}.Debug|x86.Build.0 = Debug|Any CPU
		{F456C494-DE7D-40B1-B717-780A2D6D2701}.Release|Any CPU.ActiveCfg = Release|Any CPU
		{F456C494-DE7D-40B1-B717-780A2D6D2701}.Release|Any CPU.Build.0 = Release|Any CPU
		{F456C494-DE7D-40B1-B717-780A2D6D2701}.Release|x64.ActiveCfg = Release|Any CPU
		{F456C494-DE7D-40B1-B717-780A2D6D2701}.Release|x64.Build.0 = Release|Any CPU
		{F456C494-DE7D-40B1-B717-780A2D6D2701}.Release|x86.ActiveCfg = Release|Any CPU
		{F456C494-DE7D-40B1-B717-780A2D6D2701}.Release|x86.Build.0 = Release|Any CPU
	EndGlobalSection
	GlobalSection(SolutionProperties) = preSolution
		HideSolutionNode = FALSE
	EndGlobalSection
	GlobalSection(ExtensibilityGlobals) = postSolution
		SolutionGuid = {F224147F-2B09-4D40-8755-28EB96BCE14F}
	EndGlobalSection
EndGlobal
